
Microsoft Visual Studio Solution File, Format Version 12.00
# Visual Studio Version 16
VisualStudioVersion = 16.0.30804.86
MinimumVisualStudioVersion = 10.0.40219.1
Project("{FAE04EC0-301F-11D3-BF4B-00C04F79EFBC}") = "pake", "pake\pake.csproj", "{354E1E6D-B908-4F93-B7C4-09CE79F8A252}"
EndProject
Global
	GlobalSection(SolutionConfigurationPlatforms) = preSolution
		Debug|Any CPU = Debug|Any CPU
		Release|Any CPU = Release|Any CPU
	EndGlobalSection
	GlobalSection(ProjectConfigurationPlatforms) = postSolution
		{354E1E6D-B908-4F93-B7C4-09CE79F8A252}.Debug|Any CPU.ActiveCfg = Debug|Any CPU
		{354E1E6D-B908-4F93-B7C4-09CE79F8A252}.Debug|Any CPU.Build.0 = Debug|Any CPU
		{354E1E6D-B908-4F93-B7C4-09CE79F8A252}.Release|Any CPU.ActiveCfg = Release|Any CPU
		{354E1E6D-B908-4F93-B7C4-09CE79F8A252}.Release|Any CPU.Build.0 = Release|Any CPU
	EndGlobalSection
	GlobalSection(SolutionProperties) = preSolution
		HideSolutionNode = FALSE
	EndGlobalSection
	GlobalSection(ExtensibilityGlobals) = postSolution
		SolutionGuid = {C168B7FC-C74F-42AA-806D-49D3EA464CED}
	EndGlobalSection
EndGlobal
